
Microsoft Visual Studio Solution File, Format Version 12.00
# Visual Studio Version 17
VisualStudioVersion = 17.9.34607.119
MinimumVisualStudioVersion = 10.0.40219.1
Project("{FAE04EC0-301F-11D3-BF4B-00C04F79EFBC}") = "TrackingSystem", "TrackingSystem\TrackingSystem.csproj", "{EEA12439-4692-4CD7-A6A4-B27A1042875E}"
EndProject
Global
	GlobalSection(SolutionConfigurationPlatforms) = preSolution
		Debug|Any CPU = Debug|Any CPU
		Release|Any CPU = Release|Any CPU
	EndGlobalSection
	GlobalSection(ProjectConfigurationPlatforms) = postSolution
		{EEA12439-4692-4CD7-A6A4-B27A1042875E}.Debug|Any CPU.ActiveCfg = Debug|Any CPU
		{EEA12439-4692-4CD7-A6A4-B27A1042875E}.Debug|Any CPU.Build.0 = Debug|Any CPU
		{EEA12439-4692-4CD7-A6A4-B27A1042875E}.Release|Any CPU.ActiveCfg = Release|Any CPU
		{EEA12439-4692-4CD7-A6A4-B27A1042875E}.Release|Any CPU.Build.0 = Release|Any CPU
	EndGlobalSection
	GlobalSection(SolutionProperties) = preSolution
		HideSolutionNode = FALSE
	EndGlobalSection
	GlobalSection(ExtensibilityGlobals) = postSolution
		SolutionGuid = {EB0F11C7-9B7F-4042-A9CC-86E46F605E28}
	EndGlobalSection
EndGlobal
